// !$*UTF8*$!
{
	archiveVersion = 1;
	classes = {
	};
	objectVersion = 46;
	objects = {

/* Begin PBXBuildFile section */
		843AA76415B85B0100A10D4E /* UIKit.framework in Frameworks */ = {isa = PBXBuildFile; fileRef = 843AA76315B85B0100A10D4E /* UIKit.framework */; };
		843AA76615B85B0100A10D4E /* Foundation.framework in Frameworks */ = {isa = PBXBuildFile; fileRef = 843AA76515B85B0100A10D4E /* Foundation.framework */; };
		843AA76815B85B0100A10D4E /* CoreGraphics.framework in Frameworks */ = {isa = PBXBuildFile; fileRef = 843AA76715B85B0100A10D4E /* CoreGraphics.framework */; };
		843AA76E15B85B0100A10D4E /* InfoPlist.strings in Resources */ = {isa = PBXBuildFile; fileRef = 843AA76C15B85B0100A10D4E /* InfoPlist.strings */; };
		843AA77015B85B0100A10D4E /* main.m in Sources */ = {isa = PBXBuildFile; fileRef = 843AA76F15B85B0100A10D4E /* main.m */; };
		843AA77415B85B0100A10D4E /* AppDelegate.m in Sources */ = {isa = PBXBuildFile; fileRef = 843AA77315B85B0100A10D4E /* AppDelegate.m */; };
		843AA77715B85B0100A10D4E /* ViewController.m in Sources */ = {isa = PBXBuildFile; fileRef = 843AA77615B85B0100A10D4E /* ViewController.m */; };
		843AA77A15B85B0100A10D4E /* ViewController.xib in Resources */ = {isa = PBXBuildFile; fileRef = 843AA77815B85B0100A10D4E /* ViewController.xib */; };
		843AA79B15B85E0600A10D4E /* SystemConfiguration.framework in Frameworks */ = {isa = PBXBuildFile; fileRef = 843AA79A15B85E0600A10D4E /* SystemConfiguration.framework */; };
		9637FBAB15F052B600F411BD /* FixedOrientationViewController.m in Sources */ = {isa = PBXBuildFile; fileRef = 9637FBA915F052B600F411BD /* FixedOrientationViewController.m */; };
		9637FBAC15F052B600F411BD /* FixedOrientationViewController.xib in Resources */ = {isa = PBXBuildFile; fileRef = 9637FBAA15F052B600F411BD /* FixedOrientationViewController.xib */; };
		965A275C15EDDE2700888992 /* DummyViewController.m in Sources */ = {isa = PBXBuildFile; fileRef = 965A275A15EDDE2700888992 /* DummyViewController.m */; };
		965A275D15EDDE2700888992 /* DummyViewController.xib in Resources */ = {isa = PBXBuildFile; fileRef = 965A275B15EDDE2700888992 /* DummyViewController.xib */; };
		96642E2115F74CAF00D4D081 /* libPaeDaePrizeSDK.a in Frameworks */ = {isa = PBXBuildFile; fileRef = 96642E1F15F74CAF00D4D081 /* libPaeDaePrizeSDK.a */; };
		96CBE11F15F08F030011ABD5 /* PaeDaeSharedPrizeDelegate.m in Sources */ = {isa = PBXBuildFile; fileRef = 96CBE11E15F08F030011ABD5 /* PaeDaeSharedPrizeDelegate.m */; };
/* End PBXBuildFile section */

/* Begin PBXFileReference section */
		843AA75F15B85B0100A10D4E /* PrizeTest.app */ = {isa = PBXFileReference; explicitFileType = wrapper.application; includeInIndex = 0; path = PrizeTest.app; sourceTree = BUILT_PRODUCTS_DIR; };
		843AA76315B85B0100A10D4E /* UIKit.framework */ = {isa = PBXFileReference; lastKnownFileType = wrapper.framework; name = UIKit.framework; path = System/Library/Frameworks/UIKit.framework; sourceTree = SDKROOT; };
		843AA76515B85B0100A10D4E /* Foundation.framework */ = {isa = PBXFileReference; lastKnownFileType = wrapper.framework; name = Foundation.framework; path = System/Library/Frameworks/Foundation.framework; sourceTree = SDKROOT; };
		843AA76715B85B0100A10D4E /* CoreGraphics.framework */ = {isa = PBXFileReference; lastKnownFileType = wrapper.framework; name = CoreGraphics.framework; path = System/Library/Frameworks/CoreGraphics.framework; sourceTree = SDKROOT; };
		843AA76B15B85B0100A10D4E /* PrizeTest-Info.plist */ = {isa = PBXFileReference; lastKnownFileType = text.plist.xml; path = "PrizeTest-Info.plist"; sourceTree = "<group>"; };
		843AA76D15B85B0100A10D4E /* en */ = {isa = PBXFileReference; lastKnownFileType = text.plist.strings; name = en; path = en.lproj/InfoPlist.strings; sourceTree = "<group>"; };
		843AA76F15B85B0100A10D4E /* main.m */ = {isa = PBXFileReference; lastKnownFileType = sourcecode.c.objc; path = main.m; sourceTree = "<group>"; };
		843AA77115B85B0100A10D4E /* PrizeTest-Prefix.pch */ = {isa = PBXFileReference; lastKnownFileType = sourcecode.c.h; path = "PrizeTest-Prefix.pch"; sourceTree = "<group>"; };
		843AA77215B85B0100A10D4E /* AppDelegate.h */ = {isa = PBXFileReference; lastKnownFileType = sourcecode.c.h; path = AppDelegate.h; sourceTree = "<group>"; };
		843AA77315B85B0100A10D4E /* AppDelegate.m */ = {isa = PBXFileReference; lastKnownFileType = sourcecode.c.objc; path = AppDelegate.m; sourceTree = "<group>"; };
		843AA77515B85B0100A10D4E /* ViewController.h */ = {isa = PBXFileReference; lastKnownFileType = sourcecode.c.h; path = ViewController.h; sourceTree = "<group>"; };
		843AA77615B85B0100A10D4E /* ViewController.m */ = {isa = PBXFileReference; lastKnownFileType = sourcecode.c.objc; path = ViewController.m; sourceTree = "<group>"; };
		843AA77915B85B0100A10D4E /* en */ = {isa = PBXFileReference; lastKnownFileType = file.xib; name = en; path = en.lproj/ViewController.xib; sourceTree = "<group>"; };
		843AA79A15B85E0600A10D4E /* SystemConfiguration.framework */ = {isa = PBXFileReference; lastKnownFileType = wrapper.framework; name = SystemConfiguration.framework; path = System/Library/Frameworks/SystemConfiguration.framework; sourceTree = SDKROOT; };
		9637FBA815F052B600F411BD /* FixedOrientationViewController.h */ = {isa = PBXFileReference; fileEncoding = 4; lastKnownFileType = sourcecode.c.h; path = FixedOrientationViewController.h; sourceTree = "<group>"; };
		9637FBA915F052B600F411BD /* FixedOrientationViewController.m */ = {isa = PBXFileReference; fileEncoding = 4; lastKnownFileType = sourcecode.c.objc; path = FixedOrientationViewController.m; sourceTree = "<group>"; };
		9637FBAA15F052B600F411BD /* FixedOrientationViewController.xib */ = {isa = PBXFileReference; fileEncoding = 4; lastKnownFileType = file.xib; path = FixedOrientationViewController.xib; sourceTree = "<group>"; };
		965A275915EDDE2700888992 /* DummyViewController.h */ = {isa = PBXFileReference; fileEncoding = 4; lastKnownFileType = sourcecode.c.h; path = DummyViewController.h; sourceTree = "<group>"; };
		965A275A15EDDE2700888992 /* DummyViewController.m */ = {isa = PBXFileReference; fileEncoding = 4; lastKnownFileType = sourcecode.c.objc; path = DummyViewController.m; sourceTree = "<group>"; };
		965A275B15EDDE2700888992 /* DummyViewController.xib */ = {isa = PBXFileReference; fileEncoding = 4; lastKnownFileType = file.xib; path = DummyViewController.xib; sourceTree = "<group>"; };
		96642E1F15F74CAF00D4D081 /* libPaeDaePrizeSDK.a */ = {isa = PBXFileReference; lastKnownFileType = archive.ar; path = libPaeDaePrizeSDK.a; sourceTree = "<group>"; };
		96642E2015F74CAF00D4D081 /* PaeDaePrizeSDK.h */ = {isa = PBXFileReference; fileEncoding = 4; lastKnownFileType = sourcecode.c.h; path = PaeDaePrizeSDK.h; sourceTree = "<group>"; };
		96CBE11D15F08F030011ABD5 /* PaeDaeSharedPrizeDelegate.h */ = {isa = PBXFileReference; fileEncoding = 4; lastKnownFileType = sourcecode.c.h; path = PaeDaeSharedPrizeDelegate.h; sourceTree = "<group>"; };
		96CBE11E15F08F030011ABD5 /* PaeDaeSharedPrizeDelegate.m */ = {isa = PBXFileReference; fileEncoding = 4; lastKnownFileType = sourcecode.c.objc; path = PaeDaeSharedPrizeDelegate.m; sourceTree = "<group>"; };
/* End PBXFileReference section */

/* Begin PBXFrameworksBuildPhase section */
		843AA75C15B85B0100A10D4E /* Frameworks */ = {
			isa = PBXFrameworksBuildPhase;
			buildActionMask = 2147483647;
			files = (
				843AA79B15B85E0600A10D4E /* SystemConfiguration.framework in Frameworks */,
				843AA76415B85B0100A10D4E /* UIKit.framework in Frameworks */,
				843AA76615B85B0100A10D4E /* Foundation.framework in Frameworks */,
				843AA76815B85B0100A10D4E /* CoreGraphics.framework in Frameworks */,
				96642E2115F74CAF00D4D081 /* libPaeDaePrizeSDK.a in Frameworks */,
			);
			runOnlyForDeploymentPostprocessing = 0;
		};
/* End PBXFrameworksBuildPhase section */

/* Begin PBXGroup section */
		843AA75415B85B0100A10D4E = {
			isa = PBXGroup;
			children = (
				843AA76915B85B0100A10D4E /* PrizeTest */,
				843AA76215B85B0100A10D4E /* Frameworks */,
				843AA76015B85B0100A10D4E /* Products */,
			);
			sourceTree = "<group>";
		};
		843AA76015B85B0100A10D4E /* Products */ = {
			isa = PBXGroup;
			children = (
				843AA75F15B85B0100A10D4E /* PrizeTest.app */,
			);
			name = Products;
			sourceTree = "<group>";
		};
		843AA76215B85B0100A10D4E /* Frameworks */ = {
			isa = PBXGroup;
			children = (
				843AA79A15B85E0600A10D4E /* SystemConfiguration.framework */,
				843AA76315B85B0100A10D4E /* UIKit.framework */,
				843AA76515B85B0100A10D4E /* Foundation.framework */,
				843AA76715B85B0100A10D4E /* CoreGraphics.framework */,
			);
			name = Frameworks;
			sourceTree = "<group>";
		};
		843AA76915B85B0100A10D4E /* PrizeTest */ = {
			isa = PBXGroup;
			children = (
				96CBE11B15F08EE90011ABD5 /* Util */,
				962B454A15CB3E62002962C4 /* PaeDaePrizeSDK */,
				843AA77215B85B0100A10D4E /* AppDelegate.h */,
				843AA77315B85B0100A10D4E /* AppDelegate.m */,
				843AA77515B85B0100A10D4E /* ViewController.h */,
				843AA77615B85B0100A10D4E /* ViewController.m */,
				843AA77815B85B0100A10D4E /* ViewController.xib */,
				965A275915EDDE2700888992 /* DummyViewController.h */,
				965A275A15EDDE2700888992 /* DummyViewController.m */,
				965A275B15EDDE2700888992 /* DummyViewController.xib */,
				9637FBA815F052B600F411BD /* FixedOrientationViewController.h */,
				9637FBA915F052B600F411BD /* FixedOrientationViewController.m */,
				9637FBAA15F052B600F411BD /* FixedOrientationViewController.xib */,
				843AA76A15B85B0100A10D4E /* Supporting Files */,
			);
			path = PrizeTest;
			sourceTree = "<group>";
		};
		843AA76A15B85B0100A10D4E /* Supporting Files */ = {
			isa = PBXGroup;
			children = (
				843AA76B15B85B0100A10D4E /* PrizeTest-Info.plist */,
				843AA76C15B85B0100A10D4E /* InfoPlist.strings */,
				843AA76F15B85B0100A10D4E /* main.m */,
				843AA77115B85B0100A10D4E /* PrizeTest-Prefix.pch */,
			);
			name = "Supporting Files";
			sourceTree = "<group>";
		};
		962B454A15CB3E62002962C4 /* PaeDaePrizeSDK */ = {
			isa = PBXGroup;
			children = (
				96642E1F15F74CAF00D4D081 /* libPaeDaePrizeSDK.a */,
				96642E2015F74CAF00D4D081 /* PaeDaePrizeSDK.h */,
			);
			path = PaeDaePrizeSDK;
			sourceTree = "<group>";
		};
		96CBE11B15F08EE90011ABD5 /* Util */ = {
			isa = PBXGroup;
			children = (
				96CBE11D15F08F030011ABD5 /* PaeDaeSharedPrizeDelegate.h */,
				96CBE11E15F08F030011ABD5 /* PaeDaeSharedPrizeDelegate.m */,
			);
			name = Util;
			sourceTree = "<group>";
		};
/* End PBXGroup section */

/* Begin PBXNativeTarget section */
		843AA75E15B85B0100A10D4E /* PrizeTest */ = {
			isa = PBXNativeTarget;
			buildConfigurationList = 843AA77D15B85B0100A10D4E /* Build configuration list for PBXNativeTarget "PrizeTest" */;
			buildPhases = (
				843AA75B15B85B0100A10D4E /* Sources */,
				843AA75C15B85B0100A10D4E /* Frameworks */,
				843AA75D15B85B0100A10D4E /* Resources */,
			);
			buildRules = (
			);
			dependencies = (
			);
			name = PrizeTest;
			productName = PrizeTest;
			productReference = 843AA75F15B85B0100A10D4E /* PrizeTest.app */;
			productType = "com.apple.product-type.application";
		};
/* End PBXNativeTarget section */

/* Begin PBXProject section */
		843AA75615B85B0100A10D4E /* Project object */ = {
			isa = PBXProject;
			attributes = {
				LastUpgradeCheck = 0430;
			};
			buildConfigurationList = 843AA75915B85B0100A10D4E /* Build configuration list for PBXProject "PrizeTest" */;
			compatibilityVersion = "Xcode 3.2";
			developmentRegion = English;
			hasScannedForEncodings = 0;
			knownRegions = (
				en,
			);
			mainGroup = 843AA75415B85B0100A10D4E;
			productRefGroup = 843AA76015B85B0100A10D4E /* Products */;
			projectDirPath = "";
			projectRoot = "";
			targets = (
				843AA75E15B85B0100A10D4E /* PrizeTest */,
			);
		};
/* End PBXProject section */

/* Begin PBXResourcesBuildPhase section */
		843AA75D15B85B0100A10D4E /* Resources */ = {
			isa = PBXResourcesBuildPhase;
			buildActionMask = 2147483647;
			files = (
				843AA76E15B85B0100A10D4E /* InfoPlist.strings in Resources */,
				843AA77A15B85B0100A10D4E /* ViewController.xib in Resources */,
				965A275D15EDDE2700888992 /* DummyViewController.xib in Resources */,
				9637FBAC15F052B600F411BD /* FixedOrientationViewController.xib in Resources */,
			);
			runOnlyForDeploymentPostprocessing = 0;
		};
/* End PBXResourcesBuildPhase section */

/* Begin PBXSourcesBuildPhase section */
		843AA75B15B85B0100A10D4E /* Sources */ = {
			isa = PBXSourcesBuildPhase;
			buildActionMask = 2147483647;
			files = (
				843AA77015B85B0100A10D4E /* main.m in Sources */,
				843AA77415B85B0100A10D4E /* AppDelegate.m in Sources */,
				843AA77715B85B0100A10D4E /* ViewController.m in Sources */,
				965A275C15EDDE2700888992 /* DummyViewController.m in Sources */,
				9637FBAB15F052B600F411BD /* FixedOrientationViewController.m in Sources */,
				96CBE11F15F08F030011ABD5 /* PaeDaeSharedPrizeDelegate.m in Sources */,
			);
			runOnlyForDeploymentPostprocessing = 0;
		};
/* End PBXSourcesBuildPhase section */

/* Begin PBXVariantGroup section */
		843AA76C15B85B0100A10D4E /* InfoPlist.strings */ = {
			isa = PBXVariantGroup;
			children = (
				843AA76D15B85B0100A10D4E /* en */,
			);
			name = InfoPlist.strings;
			sourceTree = "<group>";
		};
		843AA77815B85B0100A10D4E /* ViewController.xib */ = {
			isa = PBXVariantGroup;
			children = (
				843AA77915B85B0100A10D4E /* en */,
			);
			name = ViewController.xib;
			sourceTree = "<group>";
		};
/* End PBXVariantGroup section */

/* Begin XCBuildConfiguration section */
		843AA77B15B85B0100A10D4E /* Debug */ = {
			isa = XCBuildConfiguration;
			buildSettings = {
				ALWAYS_SEARCH_USER_PATHS = NO;
				ARCHS = (
					"$(ARCHS_STANDARD_32_BIT)",
					armv6,
				);
				CODE_SIGN_IDENTITY = "iPhone Developer";
				"CODE_SIGN_IDENTITY[sdk=iphoneos*]" = "iPhone Developer";
				COPY_PHASE_STRIP = NO;
				GCC_C_LANGUAGE_STANDARD = gnu99;
				GCC_DYNAMIC_NO_PIC = NO;
				GCC_OPTIMIZATION_LEVEL = 0;
				GCC_PREPROCESSOR_DEFINITIONS = (
					"DEBUG=1",
					"$(inherited)",
				);
				GCC_SYMBOLS_PRIVATE_EXTERN = NO;
				GCC_VERSION = com.apple.compilers.llvm.clang.1_0;
				GCC_WARN_ABOUT_RETURN_TYPE = YES;
				GCC_WARN_UNINITIALIZED_AUTOS = YES;
				GCC_WARN_UNUSED_VARIABLE = YES;
				IPHONEOS_DEPLOYMENT_TARGET = 4.2;
				ONLY_ACTIVE_ARCH = YES;
				PROVISIONING_PROFILE = "";
				"PROVISIONING_PROFILE[sdk=iphoneos*]" = "";
				SDKROOT = iphoneos;
				VALID_ARCHS = "armv6 armv7";
			};
			name = Debug;
		};
		843AA77C15B85B0100A10D4E /* Release */ = {
			isa = XCBuildConfiguration;
			buildSettings = {
				ALWAYS_SEARCH_USER_PATHS = NO;
				ARCHS = (
					"$(ARCHS_STANDARD_32_BIT)",
					armv6,
				);
				CODE_SIGN_IDENTITY = "iPhone Developer";
				"CODE_SIGN_IDENTITY[sdk=iphoneos*]" = "iPhone Developer";
				COPY_PHASE_STRIP = YES;
				GCC_C_LANGUAGE_STANDARD = gnu99;
				GCC_VERSION = com.apple.compilers.llvm.clang.1_0;
				GCC_WARN_ABOUT_RETURN_TYPE = YES;
				GCC_WARN_UNINITIALIZED_AUTOS = YES;
				GCC_WARN_UNUSED_VARIABLE = YES;
				IPHONEOS_DEPLOYMENT_TARGET = 4.2;
				ONLY_ACTIVE_ARCH = YES;
				OTHER_CFLAGS = "-DNS_BLOCK_ASSERTIONS=1";
				PROVISIONING_PROFILE = "";
				"PROVISIONING_PROFILE[sdk=iphoneos*]" = "";
				SDKROOT = iphoneos;
				VALIDATE_PRODUCT = YES;
				VALID_ARCHS = "armv6 armv7";
			};
			name = Release;
		};
		843AA77E15B85B0100A10D4E /* Debug */ = {
			isa = XCBuildConfiguration;
			buildSettings = {
				CLANG_ENABLE_OBJC_ARC = NO;
				CLANG_WARN_OBJCPP_ARC_ABI = NO;
				GCC_PRECOMPILE_PREFIX_HEADER = YES;
				GCC_PREFIX_HEADER = "PrizeTest/PrizeTest-Prefix.pch";
				INFOPLIST_FILE = "PrizeTest/PrizeTest-Info.plist";
				IPHONEOS_DEPLOYMENT_TARGET = 4.0;
				LIBRARY_SEARCH_PATHS = (
					"$(inherited)",
					"\"$(SRCROOT)/PrizeTest\"",
					"\"$(SRCROOT)/PaeDaePrizeSDK\"",
					"\"$(SRCROOT)/PrizeTest/PaeDaePrizeSDK\"",
				);
				ONLY_ACTIVE_ARCH = NO;
				OTHER_LDFLAGS = (
					"-all_load",
					"-lz",
					"-ObjC",
				);
				PRODUCT_NAME = "$(TARGET_NAME)";
				TARGETED_DEVICE_FAMILY = "1,2";
				VALID_ARCHS = "armv6 armv7 armv7s";
				WRAPPER_EXTENSION = app;
			};
			name = Debug;
		};
		843AA77F15B85B0100A10D4E /* Release */ = {
			isa = XCBuildConfiguration;
			buildSettings = {
				CLANG_ENABLE_OBJC_ARC = NO;
				CLANG_WARN_OBJCPP_ARC_ABI = NO;
				CODE_SIGN_IDENTITY = "iPhone Distribution";
				"CODE_SIGN_IDENTITY[sdk=iphoneos*]" = "iPhone Distribution";
				GCC_PRECOMPILE_PREFIX_HEADER = YES;
				GCC_PREFIX_HEADER = "PrizeTest/PrizeTest-Prefix.pch";
				INFOPLIST_FILE = "PrizeTest/PrizeTest-Info.plist";
				IPHONEOS_DEPLOYMENT_TARGET = 4.0;
				LIBRARY_SEARCH_PATHS = (
					"$(inherited)",
					"\"$(SRCROOT)/PrizeTest\"",
					"\"$(SRCROOT)/PaeDaePrizeSDK\"",
					"\"$(SRCROOT)/PrizeTest/PaeDaePrizeSDK\"",
				);
				ONLY_ACTIVE_ARCH = NO;
				OTHER_LDFLAGS = (
					"-all_load",
					"-lz",
					"-ObjC",
				);
				PRODUCT_NAME = "$(TARGET_NAME)";
				PROVISIONING_PROFILE = "";
				"PROVISIONING_PROFILE[sdk=iphoneos*]" = "";
				TARGETED_DEVICE_FAMILY = "1,2";
				VALID_ARCHS = "armv6 armv7 armv7s";
				WRAPPER_EXTENSION = app;
			};
			name = Release;
		};
/* End XCBuildConfiguration section */

/* Begin XCConfigurationList section */
		843AA75915B85B0100A10D4E /* Build configuration list for PBXProject "PrizeTest" */ = {
			isa = XCConfigurationList;
			buildConfigurations = (
				843AA77B15B85B0100A10D4E /* Debug */,
				843AA77C15B85B0100A10D4E /* Release */,
			);
			defaultConfigurationIsVisible = 0;
			defaultConfigurationName = Release;
		};
		843AA77D15B85B0100A10D4E /* Build configuration list for PBXNativeTarget "PrizeTest" */ = {
			isa = XCConfigurationList;
			buildConfigurations = (
				843AA77E15B85B0100A10D4E /* Debug */,
				843AA77F15B85B0100A10D4E /* Release */,
			);
			defaultConfigurationIsVisible = 0;
			defaultConfigurationName = Release;
		};
/* End XCConfigurationList section */
	};
	rootObject = 843AA75615B85B0100A10D4E /* Project object */;
}
